// !$*UTF8*$!
{
	archiveVersion = 1;
	classes = {
	};
	objectVersion = 77;
	objects = {

/* Begin PBXBuildFile section */
		043235D650C92F14284F3B6B /* DocumentPreviewView.swift in Sources */ = {isa = PBXBuildFile; fileRef = F9B41A86144BE735C5DC2114 /* DocumentPreviewView.swift */; };
		06246163CA33DF6E8C844EAC /* MarkdownDocument.swift in Sources */ = {isa = PBXBuildFile; fileRef = 1D6CCDC7BECC879E7BFAADF3 /* MarkdownDocument.swift */; };
		118F4AD1B54C480D74BD6953 /* ContentBlockerRules.swift in Sources */ = {isa = PBXBuildFile; fileRef = 2AE9124C5104618D3E6CEBBC /* ContentBlockerRules.swift */; };
		13440ACAFA85B9591F6E94C1 /* HTMLPreviewConfiguration.swift in Sources */ = {isa = PBXBuildFile; fileRef = 1C9EDB042AC1BECBB9286A3B /* HTMLPreviewConfiguration.swift */; };
		2AEBE5A0618C5758BFCF3887 /* DocumentLibraryStore.swift in Sources */ = {isa = PBXBuildFile; fileRef = 66893E422FE3945844F0647D /* DocumentLibraryStore.swift */; };
		2C8C029E3B1B9716F3B8707A /* MarkdownRenderServiceTests.swift in Sources */ = {isa = PBXBuildFile; fileRef = E75A15C97FAAE1111325EE80 /* MarkdownRenderServiceTests.swift */; };
		3296042087BA71A461B01641 /* PreviewDocumentType.swift in Sources */ = {isa = PBXBuildFile; fileRef = A6445FCACD5DF544D9C8B3C7 /* PreviewDocumentType.swift */; };
		3CD015B3D1CDC6A1731FA703 /* HTMLSecurityTests.swift in Sources */ = {isa = PBXBuildFile; fileRef = 0FF65232463BAF59AFE4F50E /* HTMLSecurityTests.swift */; };
		55E257A6BD4B59E091DAAB33 /* AppView.swift in Sources */ = {isa = PBXBuildFile; fileRef = EB2E0EA146E3FC5082BD99C3 /* AppView.swift */; };
		5E6DAA7ED753BCE9898503EC /* WebNavigationPolicy.swift in Sources */ = {isa = PBXBuildFile; fileRef = EF43D9B0FB07AC1BFFDA700F /* WebNavigationPolicy.swift */; };
		613DA945411C501ACFD85CB8 /* SupportedDocumentTypes.swift in Sources */ = {isa = PBXBuildFile; fileRef = 7F4A3CA2E06B7ACDD3B95AA5 /* SupportedDocumentTypes.swift */; };
		6DE852CD070EC35B9754C93C /* HTMLPreviewView.swift in Sources */ = {isa = PBXBuildFile; fileRef = 53536B5D43ED02C9B93D9EAB /* HTMLPreviewView.swift */; };
		78869A4E16F987B9FF2805DE /* PreviewDocument.swift in Sources */ = {isa = PBXBuildFile; fileRef = DC9A3C28C8B8166E2AA7FE63 /* PreviewDocument.swift */; };
		7A5775B07B55CB2EE30C31F3 /* Markdown in Frameworks */ = {isa = PBXBuildFile; productRef = 0CBCDCA4D11DB366C61C27A0 /* Markdown */; };
		7A9C8D0BAECA5B1B5CE48FA0 /* ZIPFoundation in Frameworks */ = {isa = PBXBuildFile; productRef = 5649424CE24EDE5698D75F6D /* ZIPFoundation */; };
		864A58654761DC22A0ADAEEC /* FileTypeDetector.swift in Sources */ = {isa = PBXBuildFile; fileRef = 543FE26DFA0112C14E960B7D /* FileTypeDetector.swift */; };
		8AEBDBEF8DA77547484A29FD /* FileTypeDetectorTests.swift in Sources */ = {isa = PBXBuildFile; fileRef = A268FD4A4516189791168B7E /* FileTypeDetectorTests.swift */; };
		8D3D3018F8A6F0134220C44C /* Markdown in Frameworks */ = {isa = PBXBuildFile; productRef = AA419DDEA25F3F458F703CF3 /* Markdown */; };
		94485FAEE067D41F4BD17881 /* ZIPFoundation in Frameworks */ = {isa = PBXBuildFile; productRef = EAC32B082AD230652B85360C /* ZIPFoundation */; };
		9789E2C5C0A8E69612579F59 /* ZipImportService.swift in Sources */ = {isa = PBXBuildFile; fileRef = 1A488F87F6736B81628B398F /* ZipImportService.swift */; };
		9B2B6C59F8013B9269D56C5A /* MarkdownPreviewView.swift in Sources */ = {isa = PBXBuildFile; fileRef = 9F7EDD7F580627E9D8CA2B1A /* MarkdownPreviewView.swift */; };
		9F4E2CA17A60915083869830 /* PreviewMode.swift in Sources */ = {isa = PBXBuildFile; fileRef = 91C5034F1E81532826C8903C /* PreviewMode.swift */; };
		A6894C5D7C98820EAF6B487E /* PreviewDocumentTests.swift in Sources */ = {isa = PBXBuildFile; fileRef = 5BAC59C06F80EC28688824ED /* PreviewDocumentTests.swift */; };
		B7861DE67BAD9FE871CBDE59 /* MarkdownRenderService.swift in Sources */ = {isa = PBXBuildFile; fileRef = C29CEA49687FA097FC44F733 /* MarkdownRenderService.swift */; };
		DBA9502FEBAD64AF3A03F3BC /* ImportSource.swift in Sources */ = {isa = PBXBuildFile; fileRef = 68040EB20BE0C5F832A0B438 /* ImportSource.swift */; };
		E67CC1AD346DF3B9DF5AF54F /* HTMLMarkdownPreviewerApp.swift in Sources */ = {isa = PBXBuildFile; fileRef = EB2076F32E6C08215040A8F8 /* HTMLMarkdownPreviewerApp.swift */; };
		F03DF84FAE2D6E7EB26CD0E7 /* ZipImportServiceTests.swift in Sources */ = {isa = PBXBuildFile; fileRef = 1B7362B1416EB9CA5169E465 /* ZipImportServiceTests.swift */; };
		F769548CC29BABD053AFEC1C /* DocumentImportService.swift in Sources */ = {isa = PBXBuildFile; fileRef = 76DD199EDF6C558806D3891D /* DocumentImportService.swift */; };
		F8833E197935D72A0A155C21 /* DocumentImportServiceTests.swift in Sources */ = {isa = PBXBuildFile; fileRef = 5E6EE7D14AB31061D2DC94ED /* DocumentImportServiceTests.swift */; };
/* End PBXBuildFile section */

/* Begin PBXContainerItemProxy section */
		DFFC0A2F451BF75248E946D9 /* PBXContainerItemProxy */ = {
			isa = PBXContainerItemProxy;
			containerPortal = 34D5FC1182FCF640939C09D0 /* Project object */;
			proxyType = 1;
			remoteGlobalIDString = EB510A767CD0E925C35FE12E;
			remoteInfo = HTMLMarkdownPreviewer;
		};
/* End PBXContainerItemProxy section */

/* Begin PBXFileReference section */
		0FF65232463BAF59AFE4F50E /* HTMLSecurityTests.swift */ = {isa = PBXFileReference; lastKnownFileType = sourcecode.swift; path = HTMLSecurityTests.swift; sourceTree = "<group>"; };
		19DE2ED027CD0D6E8AD1357D /* Info.plist */ = {isa = PBXFileReference; lastKnownFileType = text.plist; path = Info.plist; sourceTree = "<group>"; };
		1A488F87F6736B81628B398F /* ZipImportService.swift */ = {isa = PBXFileReference; lastKnownFileType = sourcecode.swift; path = ZipImportService.swift; sourceTree = "<group>"; };
		1B7362B1416EB9CA5169E465 /* ZipImportServiceTests.swift */ = {isa = PBXFileReference; lastKnownFileType = sourcecode.swift; path = ZipImportServiceTests.swift; sourceTree = "<group>"; };
		1C9EDB042AC1BECBB9286A3B /* HTMLPreviewConfiguration.swift */ = {isa = PBXFileReference; lastKnownFileType = sourcecode.swift; path = HTMLPreviewConfiguration.swift; sourceTree = "<group>"; };
		1D6CCDC7BECC879E7BFAADF3 /* MarkdownDocument.swift */ = {isa = PBXFileReference; lastKnownFileType = sourcecode.swift; path = MarkdownDocument.swift; sourceTree = "<group>"; };
		2AE9124C5104618D3E6CEBBC /* ContentBlockerRules.swift */ = {isa = PBXFileReference; lastKnownFileType = sourcecode.swift; path = ContentBlockerRules.swift; sourceTree = "<group>"; };
		314D9CED63D73A39A66F14E6 /* HTMLMarkdownPreviewerTests.xctest */ = {isa = PBXFileReference; includeInIndex = 0; lastKnownFileType = wrapper.cfbundle; path = HTMLMarkdownPreviewerTests.xctest; sourceTree = BUILT_PRODUCTS_DIR; };
		53536B5D43ED02C9B93D9EAB /* HTMLPreviewView.swift */ = {isa = PBXFileReference; lastKnownFileType = sourcecode.swift; path = HTMLPreviewView.swift; sourceTree = "<group>"; };
		543FE26DFA0112C14E960B7D /* FileTypeDetector.swift */ = {isa = PBXFileReference; lastKnownFileType = sourcecode.swift; path = FileTypeDetector.swift; sourceTree = "<group>"; };
		5BAC59C06F80EC28688824ED /* PreviewDocumentTests.swift */ = {isa = PBXFileReference; lastKnownFileType = sourcecode.swift; path = PreviewDocumentTests.swift; sourceTree = "<group>"; };
		5E6EE7D14AB31061D2DC94ED /* DocumentImportServiceTests.swift */ = {isa = PBXFileReference; lastKnownFileType = sourcecode.swift; path = DocumentImportServiceTests.swift; sourceTree = "<group>"; };
		66893E422FE3945844F0647D /* DocumentLibraryStore.swift */ = {isa = PBXFileReference; lastKnownFileType = sourcecode.swift; path = DocumentLibraryStore.swift; sourceTree = "<group>"; };
		68040EB20BE0C5F832A0B438 /* ImportSource.swift */ = {isa = PBXFileReference; lastKnownFileType = sourcecode.swift; path = ImportSource.swift; sourceTree = "<group>"; };
		76DD199EDF6C558806D3891D /* DocumentImportService.swift */ = {isa = PBXFileReference; lastKnownFileType = sourcecode.swift; path = DocumentImportService.swift; sourceTree = "<group>"; };
		7AD04E4330837EFCAF71A509 /* HTMLMarkdownPreviewer.app */ = {isa = PBXFileReference; includeInIndex = 0; lastKnownFileType = wrapper.application; path = HTMLMarkdownPreviewer.app; sourceTree = BUILT_PRODUCTS_DIR; };
		7F4A3CA2E06B7ACDD3B95AA5 /* SupportedDocumentTypes.swift */ = {isa = PBXFileReference; lastKnownFileType = sourcecode.swift; path = SupportedDocumentTypes.swift; sourceTree = "<group>"; };
		91C5034F1E81532826C8903C /* PreviewMode.swift */ = {isa = PBXFileReference; lastKnownFileType = sourcecode.swift; path = PreviewMode.swift; sourceTree = "<group>"; };
		94FBBE04315916693329B5DD /* Info.plist */ = {isa = PBXFileReference; lastKnownFileType = text.plist; path = Info.plist; sourceTree = "<group>"; };
		9F7EDD7F580627E9D8CA2B1A /* MarkdownPreviewView.swift */ = {isa = PBXFileReference; lastKnownFileType = sourcecode.swift; path = MarkdownPreviewView.swift; sourceTree = "<group>"; };
		A268FD4A4516189791168B7E /* FileTypeDetectorTests.swift */ = {isa = PBXFileReference; lastKnownFileType = sourcecode.swift; path = FileTypeDetectorTests.swift; sourceTree = "<group>"; };
		A6445FCACD5DF544D9C8B3C7 /* PreviewDocumentType.swift */ = {isa = PBXFileReference; lastKnownFileType = sourcecode.swift; path = PreviewDocumentType.swift; sourceTree = "<group>"; };
		C29CEA49687FA097FC44F733 /* MarkdownRenderService.swift */ = {isa = PBXFileReference; lastKnownFileType = sourcecode.swift; path = MarkdownRenderService.swift; sourceTree = "<group>"; };
		DC9A3C28C8B8166E2AA7FE63 /* PreviewDocument.swift */ = {isa = PBXFileReference; lastKnownFileType = sourcecode.swift; path = PreviewDocument.swift; sourceTree = "<group>"; };
		E75A15C97FAAE1111325EE80 /* MarkdownRenderServiceTests.swift */ = {isa = PBXFileReference; lastKnownFileType = sourcecode.swift; path = MarkdownRenderServiceTests.swift; sourceTree = "<group>"; };
		EB2076F32E6C08215040A8F8 /* HTMLMarkdownPreviewerApp.swift */ = {isa = PBXFileReference; lastKnownFileType = sourcecode.swift; path = HTMLMarkdownPreviewerApp.swift; sourceTree = "<group>"; };
		EB2E0EA146E3FC5082BD99C3 /* AppView.swift */ = {isa = PBXFileReference; lastKnownFileType = sourcecode.swift; path = AppView.swift; sourceTree = "<group>"; };
		EF43D9B0FB07AC1BFFDA700F /* WebNavigationPolicy.swift */ = {isa = PBXFileReference; lastKnownFileType = sourcecode.swift; path = WebNavigationPolicy.swift; sourceTree = "<group>"; };
		F9B41A86144BE735C5DC2114 /* DocumentPreviewView.swift */ = {isa = PBXFileReference; lastKnownFileType = sourcecode.swift; path = DocumentPreviewView.swift; sourceTree = "<group>"; };
/* End PBXFileReference section */

/* Begin PBXFrameworksBuildPhase section */
		173BBCA3272D250EC0BF3F60 /* Frameworks */ = {
			isa = PBXFrameworksBuildPhase;
			buildActionMask = 2147483647;
			files = (
				94485FAEE067D41F4BD17881 /* ZIPFoundation in Frameworks */,
				8D3D3018F8A6F0134220C44C /* Markdown in Frameworks */,
			);
			runOnlyForDeploymentPostprocessing = 0;
		};
		C9714DB96CCD91ECE7C73A6B /* Frameworks */ = {
			isa = PBXFrameworksBuildPhase;
			buildActionMask = 2147483647;
			files = (
				7A9C8D0BAECA5B1B5CE48FA0 /* ZIPFoundation in Frameworks */,
				7A5775B07B55CB2EE30C31F3 /* Markdown in Frameworks */,
			);
			runOnlyForDeploymentPostprocessing = 0;
		};
/* End PBXFrameworksBuildPhase section */

/* Begin PBXGroup section */
		03C98A20222D807819DA4269 /* Utilities */ = {
			isa = PBXGroup;
			children = (
				543FE26DFA0112C14E960B7D /* FileTypeDetector.swift */,
				7F4A3CA2E06B7ACDD3B95AA5 /* SupportedDocumentTypes.swift */,
			);
			path = Utilities;
			sourceTree = "<group>";
		};
		061E8F50FEC7FBF4F3FCD6F1 /* HTMLMarkdownPreviewer */ = {
			isa = PBXGroup;
			children = (
				EB2E0EA146E3FC5082BD99C3 /* AppView.swift */,
				EB2076F32E6C08215040A8F8 /* HTMLMarkdownPreviewerApp.swift */,
				19DE2ED027CD0D6E8AD1357D /* Info.plist */,
				C75419B9343BE0DD2851C7D7 /* Models */,
				7C10C6C32A904CC9B9784598 /* Services */,
				03C98A20222D807819DA4269 /* Utilities */,
				466809FB8431C41DD9A538F8 /* Views */,
				1CADAD13BC876178E536B52C /* Web */,
			);
			path = HTMLMarkdownPreviewer;
			sourceTree = "<group>";
		};
		1CADAD13BC876178E536B52C /* Web */ = {
			isa = PBXGroup;
			children = (
				2AE9124C5104618D3E6CEBBC /* ContentBlockerRules.swift */,
				1C9EDB042AC1BECBB9286A3B /* HTMLPreviewConfiguration.swift */,
				EF43D9B0FB07AC1BFFDA700F /* WebNavigationPolicy.swift */,
			);
			path = Web;
			sourceTree = "<group>";
		};
		466809FB8431C41DD9A538F8 /* Views */ = {
			isa = PBXGroup;
			children = (
				F9B41A86144BE735C5DC2114 /* DocumentPreviewView.swift */,
				53536B5D43ED02C9B93D9EAB /* HTMLPreviewView.swift */,
				9F7EDD7F580627E9D8CA2B1A /* MarkdownPreviewView.swift */,
			);
			path = Views;
			sourceTree = "<group>";
		};
		7C10C6C32A904CC9B9784598 /* Services */ = {
			isa = PBXGroup;
			children = (
				76DD199EDF6C558806D3891D /* DocumentImportService.swift */,
				66893E422FE3945844F0647D /* DocumentLibraryStore.swift */,
				C29CEA49687FA097FC44F733 /* MarkdownRenderService.swift */,
				1A488F87F6736B81628B398F /* ZipImportService.swift */,
			);
			path = Services;
			sourceTree = "<group>";
		};
		8F11EED6468216FF26893939 /* Products */ = {
			isa = PBXGroup;
			children = (
				7AD04E4330837EFCAF71A509 /* HTMLMarkdownPreviewer.app */,
				314D9CED63D73A39A66F14E6 /* HTMLMarkdownPreviewerTests.xctest */,
			);
			name = Products;
			sourceTree = "<group>";
		};
		97BC9612C3F6B8C7F89FF8C3 /* HTMLMarkdownPreviewerTests */ = {
			isa = PBXGroup;
			children = (
				5E6EE7D14AB31061D2DC94ED /* DocumentImportServiceTests.swift */,
				A268FD4A4516189791168B7E /* FileTypeDetectorTests.swift */,
				0FF65232463BAF59AFE4F50E /* HTMLSecurityTests.swift */,
				94FBBE04315916693329B5DD /* Info.plist */,
				E75A15C97FAAE1111325EE80 /* MarkdownRenderServiceTests.swift */,
				5BAC59C06F80EC28688824ED /* PreviewDocumentTests.swift */,
				1B7362B1416EB9CA5169E465 /* ZipImportServiceTests.swift */,
			);
			path = HTMLMarkdownPreviewerTests;
			sourceTree = "<group>";
		};
		B9BBD02288CC47F14E8966CC = {
			isa = PBXGroup;
			children = (
				061E8F50FEC7FBF4F3FCD6F1 /* HTMLMarkdownPreviewer */,
				97BC9612C3F6B8C7F89FF8C3 /* HTMLMarkdownPreviewerTests */,
				8F11EED6468216FF26893939 /* Products */,
			);
			sourceTree = "<group>";
		};
		C75419B9343BE0DD2851C7D7 /* Models */ = {
			isa = PBXGroup;
			children = (
				68040EB20BE0C5F832A0B438 /* ImportSource.swift */,
				1D6CCDC7BECC879E7BFAADF3 /* MarkdownDocument.swift */,
				DC9A3C28C8B8166E2AA7FE63 /* PreviewDocument.swift */,
				A6445FCACD5DF544D9C8B3C7 /* PreviewDocumentType.swift */,
				91C5034F1E81532826C8903C /* PreviewMode.swift */,
			);
			path = Models;
			sourceTree = "<group>";
		};
/* End PBXGroup section */

/* Begin PBXNativeTarget section */
		35D50F09797064AABC86E87E /* HTMLMarkdownPreviewerTests */ = {
			isa = PBXNativeTarget;
			buildConfigurationList = CA9EDE279B68F7F67EECEB7E /* Build configuration list for PBXNativeTarget "HTMLMarkdownPreviewerTests" */;
			buildPhases = (
				6916C5B6685921104D6A8AA9 /* Sources */,
				C9714DB96CCD91ECE7C73A6B /* Frameworks */,
			);
			buildRules = (
			);
			dependencies = (
				4CA02A1B37090C9E3D29D37F /* PBXTargetDependency */,
			);
			name = HTMLMarkdownPreviewerTests;
			packageProductDependencies = (
				5649424CE24EDE5698D75F6D /* ZIPFoundation */,
				0CBCDCA4D11DB366C61C27A0 /* Markdown */,
			);
			productName = HTMLMarkdownPreviewerTests;
			productReference = 314D9CED63D73A39A66F14E6 /* HTMLMarkdownPreviewerTests.xctest */;
			productType = "com.apple.product-type.bundle.unit-test";
		};
		EB510A767CD0E925C35FE12E /* HTMLMarkdownPreviewer */ = {
			isa = PBXNativeTarget;
			buildConfigurationList = 0A1CEF86C4A5FFD6F117DC46 /* Build configuration list for PBXNativeTarget "HTMLMarkdownPreviewer" */;
			buildPhases = (
				3FFB1766C1A05D4439FD41AB /* Sources */,
				173BBCA3272D250EC0BF3F60 /* Frameworks */,
			);
			buildRules = (
			);
			dependencies = (
			);
			name = HTMLMarkdownPreviewer;
			packageProductDependencies = (
				EAC32B082AD230652B85360C /* ZIPFoundation */,
				AA419DDEA25F3F458F703CF3 /* Markdown */,
			);
			productName = HTMLMarkdownPreviewer;
			productReference = 7AD04E4330837EFCAF71A509 /* HTMLMarkdownPreviewer.app */;
			productType = "com.apple.product-type.application";
		};
/* End PBXNativeTarget section */

/* Begin PBXProject section */
		34D5FC1182FCF640939C09D0 /* Project object */ = {
			isa = PBXProject;
			attributes = {
				BuildIndependentTargetsInParallel = YES;
				LastUpgradeCheck = 1430;
				TargetAttributes = {
					EB510A767CD0E925C35FE12E = {
						ProvisioningStyle = Automatic;
					};
				};
			};
			buildConfigurationList = 68D598FA479A07D8FEF075CC /* Build configuration list for PBXProject "HTMLMarkdownPreviewer" */;
			developmentRegion = en;
			hasScannedForEncodings = 0;
			knownRegions = (
				Base,
				en,
			);
			mainGroup = B9BBD02288CC47F14E8966CC;
			minimizedProjectReferenceProxies = 1;
			packageReferences = (
				51D6ADEC1DD799C0DB24B6CA /* XCRemoteSwiftPackageReference "swift-markdown" */,
				44F9CB1A13FB72846C3BA433 /* XCRemoteSwiftPackageReference "ZIPFoundation" */,
			);
			preferredProjectObjectVersion = 77;
			productRefGroup = 8F11EED6468216FF26893939 /* Products */;
			projectDirPath = "";
			projectRoot = "";
			targets = (
				EB510A767CD0E925C35FE12E /* HTMLMarkdownPreviewer */,
				35D50F09797064AABC86E87E /* HTMLMarkdownPreviewerTests */,
			);
		};
/* End PBXProject section */

/* Begin PBXSourcesBuildPhase section */
		3FFB1766C1A05D4439FD41AB /* Sources */ = {
			isa = PBXSourcesBuildPhase;
			buildActionMask = 2147483647;
			files = (
				55E257A6BD4B59E091DAAB33 /* AppView.swift in Sources */,
				118F4AD1B54C480D74BD6953 /* ContentBlockerRules.swift in Sources */,
				F769548CC29BABD053AFEC1C /* DocumentImportService.swift in Sources */,
				2AEBE5A0618C5758BFCF3887 /* DocumentLibraryStore.swift in Sources */,
				043235D650C92F14284F3B6B /* DocumentPreviewView.swift in Sources */,
				864A58654761DC22A0ADAEEC /* FileTypeDetector.swift in Sources */,
				E67CC1AD346DF3B9DF5AF54F /* HTMLMarkdownPreviewerApp.swift in Sources */,
				13440ACAFA85B9591F6E94C1 /* HTMLPreviewConfiguration.swift in Sources */,
				6DE852CD070EC35B9754C93C /* HTMLPreviewView.swift in Sources */,
				DBA9502FEBAD64AF3A03F3BC /* ImportSource.swift in Sources */,
				06246163CA33DF6E8C844EAC /* MarkdownDocument.swift in Sources */,
				9B2B6C59F8013B9269D56C5A /* MarkdownPreviewView.swift in Sources */,
				B7861DE67BAD9FE871CBDE59 /* MarkdownRenderService.swift in Sources */,
				78869A4E16F987B9FF2805DE /* PreviewDocument.swift in Sources */,
				3296042087BA71A461B01641 /* PreviewDocumentType.swift in Sources */,
				9F4E2CA17A60915083869830 /* PreviewMode.swift in Sources */,
				613DA945411C501ACFD85CB8 /* SupportedDocumentTypes.swift in Sources */,
				5E6DAA7ED753BCE9898503EC /* WebNavigationPolicy.swift in Sources */,
				9789E2C5C0A8E69612579F59 /* ZipImportService.swift in Sources */,
			);
			runOnlyForDeploymentPostprocessing = 0;
		};
		6916C5B6685921104D6A8AA9 /* Sources */ = {
			isa = PBXSourcesBuildPhase;
			buildActionMask = 2147483647;
			files = (
				F8833E197935D72A0A155C21 /* DocumentImportServiceTests.swift in Sources */,
				8AEBDBEF8DA77547484A29FD /* FileTypeDetectorTests.swift in Sources */,
				3CD015B3D1CDC6A1731FA703 /* HTMLSecurityTests.swift in Sources */,
				2C8C029E3B1B9716F3B8707A /* MarkdownRenderServiceTests.swift in Sources */,
				A6894C5D7C98820EAF6B487E /* PreviewDocumentTests.swift in Sources */,
				F03DF84FAE2D6E7EB26CD0E7 /* ZipImportServiceTests.swift in Sources */,
			);
			runOnlyForDeploymentPostprocessing = 0;
		};
/* End PBXSourcesBuildPhase section */

/* Begin PBXTargetDependency section */
		4CA02A1B37090C9E3D29D37F /* PBXTargetDependency */ = {
			isa = PBXTargetDependency;
			target = EB510A767CD0E925C35FE12E /* HTMLMarkdownPreviewer */;
			targetProxy = DFFC0A2F451BF75248E946D9 /* PBXContainerItemProxy */;
		};
/* End PBXTargetDependency section */

/* Begin XCBuildConfiguration section */
		12C9C34D37848DAD07FFE601 /* Debug */ = {
			isa = XCBuildConfiguration;
			buildSettings = {
				BUNDLE_LOADER = "$(TEST_HOST)";
				INFOPLIST_FILE = HTMLMarkdownPreviewerTests/Info.plist;
				IPHONEOS_DEPLOYMENT_TARGET = 17.0;
				LD_RUNPATH_SEARCH_PATHS = (
					"$(inherited)",
					"@executable_path/Frameworks",
					"@loader_path/Frameworks",
				);
				PRODUCT_BUNDLE_IDENTIFIER = com.kaede.htmlmarkdownpreviewer.tests;
				SDKROOT = iphoneos;
				TARGETED_DEVICE_FAMILY = "1,2";
				TEST_HOST = "$(BUILT_PRODUCTS_DIR)/HTMLMarkdownPreviewer.app/HTMLMarkdownPreviewer";
			};
			name = Debug;
		};
		1C6AC0573774618968D18988 /* Release */ = {
			isa = XCBuildConfiguration;
			buildSettings = {
				ASSETCATALOG_COMPILER_APPICON_NAME = AppIcon;
				CODE_SIGN_IDENTITY = "iPhone Developer";
				CODE_SIGN_STYLE = Automatic;
				INFOPLIST_FILE = HTMLMarkdownPreviewer/Info.plist;
				IPHONEOS_DEPLOYMENT_TARGET = 17.0;
				LD_RUNPATH_SEARCH_PATHS = (
					"$(inherited)",
					"@executable_path/Frameworks",
				);
				PRODUCT_BUNDLE_IDENTIFIER = com.kaede.htmlmarkdownpreviewer;
				SDKROOT = iphoneos;
				TARGETED_DEVICE_FAMILY = "1,2";
			};
			name = Release;
		};
		409F273DEAB1358BF2C7FA89 /* Release */ = {
			isa = XCBuildConfiguration;
			buildSettings = {
				BUNDLE_LOADER = "$(TEST_HOST)";
				INFOPLIST_FILE = HTMLMarkdownPreviewerTests/Info.plist;
				IPHONEOS_DEPLOYMENT_TARGET = 17.0;
				LD_RUNPATH_SEARCH_PATHS = (
					"$(inherited)",
					"@executable_path/Frameworks",
					"@loader_path/Frameworks",
				);
				PRODUCT_BUNDLE_IDENTIFIER = com.kaede.htmlmarkdownpreviewer.tests;
				SDKROOT = iphoneos;
				TARGETED_DEVICE_FAMILY = "1,2";
				TEST_HOST = "$(BUILT_PRODUCTS_DIR)/HTMLMarkdownPreviewer.app/HTMLMarkdownPreviewer";
			};
			name = Release;
		};
		8CF46C344993A251CB9DAB79 /* Debug */ = {
			isa = XCBuildConfiguration;
			buildSettings = {
				ALWAYS_SEARCH_USER_PATHS = NO;
				CLANG_ANALYZER_NONNULL = YES;
				CLANG_ANALYZER_NUMBER_OBJECT_CONVERSION = YES_AGGRESSIVE;
				CLANG_CXX_LANGUAGE_STANDARD = "gnu++14";
				CLANG_CXX_LIBRARY = "libc++";
				CLANG_ENABLE_MODULES = YES;
				CLANG_ENABLE_OBJC_ARC = YES;
				CLANG_ENABLE_OBJC_WEAK = YES;
				CLANG_WARN_BLOCK_CAPTURE_AUTORELEASING = YES;
				CLANG_WARN_BOOL_CONVERSION = YES;
				CLANG_WARN_COMMA = YES;
				CLANG_WARN_CONSTANT_CONVERSION = YES;
				CLANG_WARN_DEPRECATED_OBJC_IMPLEMENTATIONS = YES;
				CLANG_WARN_DIRECT_OBJC_ISA_USAGE = YES_ERROR;
				CLANG_WARN_DOCUMENTATION_COMMENTS = YES;
				CLANG_WARN_EMPTY_BODY = YES;
				CLANG_WARN_ENUM_CONVERSION = YES;
				CLANG_WARN_INFINITE_RECURSION = YES;
				CLANG_WARN_INT_CONVERSION = YES;
				CLANG_WARN_NON_LITERAL_NULL_CONVERSION = YES;
				CLANG_WARN_OBJC_IMPLICIT_RETAIN_SELF = YES;
				CLANG_WARN_OBJC_LITERAL_CONVERSION = YES;
				CLANG_WARN_OBJC_ROOT_CLASS = YES_ERROR;
				CLANG_WARN_QUOTED_INCLUDE_IN_FRAMEWORK_HEADER = YES;
				CLANG_WARN_RANGE_LOOP_ANALYSIS = YES;
				CLANG_WARN_STRICT_PROTOTYPES = YES;
				CLANG_WARN_SUSPICIOUS_MOVE = YES;
				CLANG_WARN_UNGUARDED_AVAILABILITY = YES_AGGRESSIVE;
				CLANG_WARN_UNREACHABLE_CODE = YES;
				CLANG_WARN__DUPLICATE_METHOD_MATCH = YES;
				COPY_PHASE_STRIP = NO;
				CURRENT_PROJECT_VERSION = 1;
				DEBUG_INFORMATION_FORMAT = dwarf;
				ENABLE_STRICT_OBJC_MSGSEND = YES;
				ENABLE_TESTABILITY = YES;
				GCC_C_LANGUAGE_STANDARD = gnu11;
				GCC_DYNAMIC_NO_PIC = NO;
				GCC_NO_COMMON_BLOCKS = YES;
				GCC_OPTIMIZATION_LEVEL = 0;
				GCC_PREPROCESSOR_DEFINITIONS = (
					"$(inherited)",
					"DEBUG=1",
				);
				GCC_WARN_64_TO_32_BIT_CONVERSION = YES;
				GCC_WARN_ABOUT_RETURN_TYPE = YES_ERROR;
				GCC_WARN_UNDECLARED_SELECTOR = YES;
				GCC_WARN_UNINITIALIZED_AUTOS = YES_AGGRESSIVE;
				GCC_WARN_UNUSED_FUNCTION = YES;
				GCC_WARN_UNUSED_VARIABLE = YES;
				IPHONEOS_DEPLOYMENT_TARGET = 17.0;
				MARKETING_VERSION = 0.1;
				MTL_ENABLE_DEBUG_INFO = INCLUDE_SOURCE;
				MTL_FAST_MATH = YES;
				ONLY_ACTIVE_ARCH = YES;
				PRODUCT_NAME = "$(TARGET_NAME)";
				SDKROOT = iphoneos;
				SWIFT_ACTIVE_COMPILATION_CONDITIONS = DEBUG;
				SWIFT_OPTIMIZATION_LEVEL = "-Onone";
				SWIFT_VERSION = 6.0;
			};
			name = Debug;
		};
		E646486DF351A9E82C275F01 /* Release */ = {
			isa = XCBuildConfiguration;
			buildSettings = {
				ALWAYS_SEARCH_USER_PATHS = NO;
				CLANG_ANALYZER_NONNULL = YES;
				CLANG_ANALYZER_NUMBER_OBJECT_CONVERSION = YES_AGGRESSIVE;
				CLANG_CXX_LANGUAGE_STANDARD = "gnu++14";
				CLANG_CXX_LIBRARY = "libc++";
				CLANG_ENABLE_MODULES = YES;
				CLANG_ENABLE_OBJC_ARC = YES;
				CLANG_ENABLE_OBJC_WEAK = YES;
				CLANG_WARN_BLOCK_CAPTURE_AUTORELEASING = YES;
				CLANG_WARN_BOOL_CONVERSION = YES;
				CLANG_WARN_COMMA = YES;
				CLANG_WARN_CONSTANT_CONVERSION = YES;
				CLANG_WARN_DEPRECATED_OBJC_IMPLEMENTATIONS = YES;
				CLANG_WARN_DIRECT_OBJC_ISA_USAGE = YES_ERROR;
				CLANG_WARN_DOCUMENTATION_COMMENTS = YES;
				CLANG_WARN_EMPTY_BODY = YES;
				CLANG_WARN_ENUM_CONVERSION = YES;
				CLANG_WARN_INFINITE_RECURSION = YES;
				CLANG_WARN_INT_CONVERSION = YES;
				CLANG_WARN_NON_LITERAL_NULL_CONVERSION = YES;
				CLANG_WARN_OBJC_IMPLICIT_RETAIN_SELF = YES;
				CLANG_WARN_OBJC_LITERAL_CONVERSION = YES;
				CLANG_WARN_OBJC_ROOT_CLASS = YES_ERROR;
				CLANG_WARN_QUOTED_INCLUDE_IN_FRAMEWORK_HEADER = YES;
				CLANG_WARN_RANGE_LOOP_ANALYSIS = YES;
				CLANG_WARN_STRICT_PROTOTYPES = YES;
				CLANG_WARN_SUSPICIOUS_MOVE = YES;
				CLANG_WARN_UNGUARDED_AVAILABILITY = YES_AGGRESSIVE;
				CLANG_WARN_UNREACHABLE_CODE = YES;
				CLANG_WARN__DUPLICATE_METHOD_MATCH = YES;
				COPY_PHASE_STRIP = NO;
				CURRENT_PROJECT_VERSION = 1;
				DEBUG_INFORMATION_FORMAT = "dwarf-with-dsym";
				ENABLE_NS_ASSERTIONS = NO;
				ENABLE_STRICT_OBJC_MSGSEND = YES;
				GCC_C_LANGUAGE_STANDARD = gnu11;
				GCC_NO_COMMON_BLOCKS = YES;
				GCC_WARN_64_TO_32_BIT_CONVERSION = YES;
				GCC_WARN_ABOUT_RETURN_TYPE = YES_ERROR;
				GCC_WARN_UNDECLARED_SELECTOR = YES;
				GCC_WARN_UNINITIALIZED_AUTOS = YES_AGGRESSIVE;
				GCC_WARN_UNUSED_FUNCTION = YES;
				GCC_WARN_UNUSED_VARIABLE = YES;
				IPHONEOS_DEPLOYMENT_TARGET = 17.0;
				MARKETING_VERSION = 0.1;
				MTL_ENABLE_DEBUG_INFO = NO;
				MTL_FAST_MATH = YES;
				PRODUCT_NAME = "$(TARGET_NAME)";
				SDKROOT = iphoneos;
				SWIFT_COMPILATION_MODE = wholemodule;
				SWIFT_OPTIMIZATION_LEVEL = "-O";
				SWIFT_VERSION = 6.0;
			};
			name = Release;
		};
		E8F5A809C5189E8A5498E5F1 /* Debug */ = {
			isa = XCBuildConfiguration;
			buildSettings = {
				ASSETCATALOG_COMPILER_APPICON_NAME = AppIcon;
				CODE_SIGN_IDENTITY = "iPhone Developer";
				CODE_SIGN_STYLE = Automatic;
				INFOPLIST_FILE = HTMLMarkdownPreviewer/Info.plist;
				IPHONEOS_DEPLOYMENT_TARGET = 17.0;
				LD_RUNPATH_SEARCH_PATHS = (
					"$(inherited)",
					"@executable_path/Frameworks",
				);
				PRODUCT_BUNDLE_IDENTIFIER = com.kaede.htmlmarkdownpreviewer;
				SDKROOT = iphoneos;
				TARGETED_DEVICE_FAMILY = "1,2";
			};
			name = Debug;
		};
/* End XCBuildConfiguration section */

/* Begin XCConfigurationList section */
		0A1CEF86C4A5FFD6F117DC46 /* Build configuration list for PBXNativeTarget "HTMLMarkdownPreviewer" */ = {
			isa = XCConfigurationList;
			buildConfigurations = (
				E8F5A809C5189E8A5498E5F1 /* Debug */,
				1C6AC0573774618968D18988 /* Release */,
			);
			defaultConfigurationIsVisible = 0;
			defaultConfigurationName = Debug;
		};
		68D598FA479A07D8FEF075CC /* Build configuration list for PBXProject "HTMLMarkdownPreviewer" */ = {
			isa = XCConfigurationList;
			buildConfigurations = (
				8CF46C344993A251CB9DAB79 /* Debug */,
				E646486DF351A9E82C275F01 /* Release */,
			);
			defaultConfigurationIsVisible = 0;
			defaultConfigurationName = Debug;
		};
		CA9EDE279B68F7F67EECEB7E /* Build configuration list for PBXNativeTarget "HTMLMarkdownPreviewerTests" */ = {
			isa = XCConfigurationList;
			buildConfigurations = (
				12C9C34D37848DAD07FFE601 /* Debug */,
				409F273DEAB1358BF2C7FA89 /* Release */,
			);
			defaultConfigurationIsVisible = 0;
			defaultConfigurationName = Debug;
		};
/* End XCConfigurationList section */

/* Begin XCRemoteSwiftPackageReference section */
		44F9CB1A13FB72846C3BA433 /* XCRemoteSwiftPackageReference "ZIPFoundation" */ = {
			isa = XCRemoteSwiftPackageReference;
			repositoryURL = "https://github.com/weichsel/ZIPFoundation.git";
			requirement = {
				kind = upToNextMajorVersion;
				minimumVersion = 0.9.20;
			};
		};
		51D6ADEC1DD799C0DB24B6CA /* XCRemoteSwiftPackageReference "swift-markdown" */ = {
			isa = XCRemoteSwiftPackageReference;
			repositoryURL = "https://github.com/swiftlang/swift-markdown.git";
			requirement = {
				kind = upToNextMajorVersion;
				minimumVersion = 0.8.0;
			};
		};
/* End XCRemoteSwiftPackageReference section */

/* Begin XCSwiftPackageProductDependency section */
		0CBCDCA4D11DB366C61C27A0 /* Markdown */ = {
			isa = XCSwiftPackageProductDependency;
			package = 51D6ADEC1DD799C0DB24B6CA /* XCRemoteSwiftPackageReference "swift-markdown" */;
			productName = Markdown;
		};
		5649424CE24EDE5698D75F6D /* ZIPFoundation */ = {
			isa = XCSwiftPackageProductDependency;
			package = 44F9CB1A13FB72846C3BA433 /* XCRemoteSwiftPackageReference "ZIPFoundation" */;
			productName = ZIPFoundation;
		};
		AA419DDEA25F3F458F703CF3 /* Markdown */ = {
			isa = XCSwiftPackageProductDependency;
			package = 51D6ADEC1DD799C0DB24B6CA /* XCRemoteSwiftPackageReference "swift-markdown" */;
			productName = Markdown;
		};
		EAC32B082AD230652B85360C /* ZIPFoundation */ = {
			isa = XCSwiftPackageProductDependency;
			package = 44F9CB1A13FB72846C3BA433 /* XCRemoteSwiftPackageReference "ZIPFoundation" */;
			productName = ZIPFoundation;
		};
/* End XCSwiftPackageProductDependency section */
	};
	rootObject = 34D5FC1182FCF640939C09D0 /* Project object */;
}
